{
  "name": "ext_package_no_main",
  "version": "0.0.1",
  "lockfileVersion": 2,
  "requires": true,
  "packages": {
    "": {
      "name": "ext_package_no_main",
      "version": "0.0.1",
      "license": "BSD-3-Clause",
      "dependencies": {
        "@bokeh/bokehjs": "../../../../../bokehjs/build/dist/bokeh-bokehjs.tgz"
      }
    },
    "node_modules/@bokeh/bokehjs": {
      "version": "3.1.0-dev.1",
      "resolved": "file:../../../../../bokehjs/build/dist/bokeh-bokehjs.tgz",
      "integrity": "sha512-ANBLKWu/zIG4JIroK75sUG0EEaqf9IkRceatGFOczNX3sObHhiBw7FsN4uvNK5WI6GScVIHKZbvlD1Anc7Pfng==",
      "license": "BSD-3-Clause",
      "workspaces": [
        "./make",
        "./src/compiler",
        "./src/lib",
        "./src/server",
        "./test"
      ],
      "engines": {
        "node": ">=16.0",
        "npm": ">=8.0"
      }
    }
  },
  "dependencies": {
    "@bokeh/bokehjs": {
      "version": "file:../../../../../bokehjs/build/dist/bokeh-bokehjs.tgz",
      "integrity": "sha512-ANBLKWu/zIG4JIroK75sUG0EEaqf9IkRceatGFOczNX3sObHhiBw7FsN4uvNK5WI6GScVIHKZbvlD1Anc7Pfng=="
    }
  }
}
